
Microsoft Visual Studio Solution File, Format Version 12.00
# Visual Studio Version 17
VisualStudioVersion = 17.6.33829.357
MinimumVisualStudioVersion = 10.0.40219.1
Project("{9A19103F-16F7-4668-BE54-9A1E7A4F7556}") = "FileConvertTool", "FileConvertTool\FileConvertTool.csproj", "{3C2196DF-D6CE-43EB-AACD-356508B27624}"
EndProject
Project("{FAE04EC0-301F-11D3-BF4B-00C04F79EFBC}") = "FileConvertService", "FileConvertService\FileConvertService.csproj", "{60B52BFC-4FA0-4E3C-858D-776DC1B165E4}"
EndProject
Project("{FAE04EC0-301F-11D3-BF4B-00C04F79EFBC}") = "FileConvertServiceTests", "FileConvertServiceTests\FileConvertServiceTests.csproj", "{9FBC30C4-9E35-4474-85FA-E9166216CE87}"
EndProject
Global
	GlobalSection(SolutionConfigurationPlatforms) = preSolution
		Debug|Any CPU = Debug|Any CPU
		Release|Any CPU = Release|Any CPU
	EndGlobalSection
	GlobalSection(ProjectConfigurationPlatforms) = postSolution
		{3C2196DF-D6CE-43EB-AACD-356508B27624}.Debug|Any CPU.ActiveCfg = Debug|Any CPU
		{3C2196DF-D6CE-43EB-AACD-356508B27624}.Debug|Any CPU.Build.0 = Debug|Any CPU
		{3C2196DF-D6CE-43EB-AACD-356508B27624}.Release|Any CPU.ActiveCfg = Release|Any CPU
		{3C2196DF-D6CE-43EB-AACD-356508B27624}.Release|Any CPU.Build.0 = Release|Any CPU
		{60B52BFC-4FA0-4E3C-858D-776DC1B165E4}.Debug|Any CPU.ActiveCfg = Debug|Any CPU
		{60B52BFC-4FA0-4E3C-858D-776DC1B165E4}.Debug|Any CPU.Build.0 = Debug|Any CPU
		{60B52BFC-4FA0-4E3C-858D-776DC1B165E4}.Release|Any CPU.ActiveCfg = Release|Any CPU
		{60B52BFC-4FA0-4E3C-858D-776DC1B165E4}.Release|Any CPU.Build.0 = Release|Any CPU
		{9FBC30C4-9E35-4474-85FA-E9166216CE87}.Debug|Any CPU.ActiveCfg = Debug|Any CPU
		{9FBC30C4-9E35-4474-85FA-E9166216CE87}.Debug|Any CPU.Build.0 = Debug|Any CPU
		{9FBC30C4-9E35-4474-85FA-E9166216CE87}.Release|Any CPU.ActiveCfg = Release|Any CPU
		{9FBC30C4-9E35-4474-85FA-E9166216CE87}.Release|Any CPU.Build.0 = Release|Any CPU
	EndGlobalSection
	GlobalSection(SolutionProperties) = preSolution
		HideSolutionNode = FALSE
	EndGlobalSection
	GlobalSection(ExtensibilityGlobals) = postSolution
		SolutionGuid = {1C19103C-F847-49CC-82E4-CB3BA79A8AA7}
	EndGlobalSection
EndGlobal
